// !$*UTF8*$!
{
	archiveVersion = 1;
	classes = {
	};
	objectVersion = 52;
	objects = {

/* Begin PBXBuildFile section */
		C92F5CFF253F5A4C00580088 /* CryptoKit.framework in Frameworks */ = {isa = PBXBuildFile; fileRef = C92F5CFE253F5A4C00580088 /* CryptoKit.framework */; };
		C92F5D01253F5EB000580088 /* RealmSwift in Frameworks */ = {isa = PBXBuildFile; productRef = C92F5D00253F5EB000580088 /* RealmSwift */; };
		C92F5D03253F5EB400580088 /* Realm in Frameworks */ = {isa = PBXBuildFile; productRef = C92F5D02253F5EB400580088 /* Realm */; };
		C9471072252B8ED500033FA5 /* CalCountApp.swift in Sources */ = {isa = PBXBuildFile; fileRef = C9471071252B8ED500033FA5 /* CalCountApp.swift */; };
		C9471074252B8ED500033FA5 /* ContentView.swift in Sources */ = {isa = PBXBuildFile; fileRef = C9471073252B8ED500033FA5 /* ContentView.swift */; };
		C9471076252B8ED600033FA5 /* Assets.xcassets in Resources */ = {isa = PBXBuildFile; fileRef = C9471075252B8ED600033FA5 /* Assets.xcassets */; };
		C9471079252B8ED600033FA5 /* Preview Assets.xcassets in Resources */ = {isa = PBXBuildFile; fileRef = C9471078252B8ED600033FA5 /* Preview Assets.xcassets */; };
		C9511F8E253230590052C8FA /* LandingView.swift in Sources */ = {isa = PBXBuildFile; fileRef = C9511F8D253230590052C8FA /* LandingView.swift */; };
		C9511F90253234580052C8FA /* LoginView.swift in Sources */ = {isa = PBXBuildFile; fileRef = C9511F8F253234580052C8FA /* LoginView.swift */; };
		C9511F9225323E390052C8FA /* SignUpView.swift in Sources */ = {isa = PBXBuildFile; fileRef = C9511F9125323E390052C8FA /* SignUpView.swift */; };
		C96BCE6025465274008121AE /* LoggedInStatus.swift in Sources */ = {isa = PBXBuildFile; fileRef = C96BCE5F25465274008121AE /* LoggedInStatus.swift */; };
		C96BCE6225465369008121AE /* HomeView.swift in Sources */ = {isa = PBXBuildFile; fileRef = C96BCE6125465369008121AE /* HomeView.swift */; };
		C9AEF435253680C100DEF119 /* User.swift in Sources */ = {isa = PBXBuildFile; fileRef = C9AEF434253680C100DEF119 /* User.swift */; };
/* End PBXBuildFile section */

/* Begin PBXFileReference section */
		C92F5CFE253F5A4C00580088 /* CryptoKit.framework */ = {isa = PBXFileReference; lastKnownFileType = wrapper.framework; name = CryptoKit.framework; path = System/Library/Frameworks/CryptoKit.framework; sourceTree = SDKROOT; };
		C947106E252B8ED400033FA5 /* CalCount.app */ = {isa = PBXFileReference; explicitFileType = wrapper.application; includeInIndex = 0; path = CalCount.app; sourceTree = BUILT_PRODUCTS_DIR; };
		C9471071252B8ED500033FA5 /* CalCountApp.swift */ = {isa = PBXFileReference; lastKnownFileType = sourcecode.swift; path = CalCountApp.swift; sourceTree = "<group>"; };
		C9471073252B8ED500033FA5 /* ContentView.swift */ = {isa = PBXFileReference; lastKnownFileType = sourcecode.swift; path = ContentView.swift; sourceTree = "<group>"; };
		C9471075252B8ED600033FA5 /* Assets.xcassets */ = {isa = PBXFileReference; lastKnownFileType = folder.assetcatalog; path = Assets.xcassets; sourceTree = "<group>"; };
		C9471078252B8ED600033FA5 /* Preview Assets.xcassets */ = {isa = PBXFileReference; lastKnownFileType = folder.assetcatalog; path = "Preview Assets.xcassets"; sourceTree = "<group>"; };
		C947107A252B8ED600033FA5 /* Info.plist */ = {isa = PBXFileReference; lastKnownFileType = text.plist.xml; path = Info.plist; sourceTree = "<group>"; };
		C9511F8825322BA90052C8FA /* CoreData.framework */ = {isa = PBXFileReference; lastKnownFileType = wrapper.framework; name = CoreData.framework; path = System/Library/Frameworks/CoreData.framework; sourceTree = SDKROOT; };
		C9511F8D253230590052C8FA /* LandingView.swift */ = {isa = PBXFileReference; lastKnownFileType = sourcecode.swift; path = LandingView.swift; sourceTree = "<group>"; };
		C9511F8F253234580052C8FA /* LoginView.swift */ = {isa = PBXFileReference; lastKnownFileType = sourcecode.swift; path = LoginView.swift; sourceTree = "<group>"; };
		C9511F9125323E390052C8FA /* SignUpView.swift */ = {isa = PBXFileReference; lastKnownFileType = sourcecode.swift; path = SignUpView.swift; sourceTree = "<group>"; };
		C96BCE5F25465274008121AE /* LoggedInStatus.swift */ = {isa = PBXFileReference; lastKnownFileType = sourcecode.swift; path = LoggedInStatus.swift; sourceTree = "<group>"; };
		C96BCE6125465369008121AE /* HomeView.swift */ = {isa = PBXFileReference; lastKnownFileType = sourcecode.swift; path = HomeView.swift; sourceTree = "<group>"; };
		C9AEF434253680C100DEF119 /* User.swift */ = {isa = PBXFileReference; lastKnownFileType = sourcecode.swift; path = User.swift; sourceTree = "<group>"; };
/* End PBXFileReference section */

/* Begin PBXFrameworksBuildPhase section */
		C947106B252B8ED400033FA5 /* Frameworks */ = {
			isa = PBXFrameworksBuildPhase;
			buildActionMask = 2147483647;
			files = (
				C92F5D03253F5EB400580088 /* Realm in Frameworks */,
				C92F5D01253F5EB000580088 /* RealmSwift in Frameworks */,
				C92F5CFF253F5A4C00580088 /* CryptoKit.framework in Frameworks */,
			);
			runOnlyForDeploymentPostprocessing = 0;
		};
/* End PBXFrameworksBuildPhase section */

/* Begin PBXGroup section */
		C9471065252B8ED400033FA5 = {
			isa = PBXGroup;
			children = (
				C9471070252B8ED500033FA5 /* CalCount */,
				C947106F252B8ED400033FA5 /* Products */,
				C9511F8725322BA80052C8FA /* Frameworks */,
			);
			sourceTree = "<group>";
		};
		C947106F252B8ED400033FA5 /* Products */ = {
			isa = PBXGroup;
			children = (
				C947106E252B8ED400033FA5 /* CalCount.app */,
			);
			name = Products;
			sourceTree = "<group>";
		};
		C9471070252B8ED500033FA5 /* CalCount */ = {
			isa = PBXGroup;
			children = (
				C9AEF433253680AF00DEF119 /* Models */,
				C9511F8A25322BBA0052C8FA /* Views */,
				C9471071252B8ED500033FA5 /* CalCountApp.swift */,
				C9471075252B8ED600033FA5 /* Assets.xcassets */,
				C947107A252B8ED600033FA5 /* Info.plist */,
				C9471077252B8ED600033FA5 /* Preview Content */,
			);
			path = CalCount;
			sourceTree = "<group>";
		};
		C9471077252B8ED600033FA5 /* Preview Content */ = {
			isa = PBXGroup;
			children = (
				C9471078252B8ED600033FA5 /* Preview Assets.xcassets */,
			);
			path = "Preview Content";
			sourceTree = "<group>";
		};
		C9511F8725322BA80052C8FA /* Frameworks */ = {
			isa = PBXGroup;
			children = (
				C92F5CFE253F5A4C00580088 /* CryptoKit.framework */,
				C9511F8825322BA90052C8FA /* CoreData.framework */,
			);
			name = Frameworks;
			sourceTree = "<group>";
		};
		C9511F8A25322BBA0052C8FA /* Views */ = {
			isa = PBXGroup;
			children = (
				C9471073252B8ED500033FA5 /* ContentView.swift */,
				C9511F8D253230590052C8FA /* LandingView.swift */,
				C9511F8F253234580052C8FA /* LoginView.swift */,
				C9511F9125323E390052C8FA /* SignUpView.swift */,
				C96BCE6125465369008121AE /* HomeView.swift */,
			);
			path = Views;
			sourceTree = "<group>";
		};
		C9AEF433253680AF00DEF119 /* Models */ = {
			isa = PBXGroup;
			children = (
				C9AEF434253680C100DEF119 /* User.swift */,
				C96BCE5F25465274008121AE /* LoggedInStatus.swift */,
			);
			path = Models;
			sourceTree = "<group>";
		};
/* End PBXGroup section */

/* Begin PBXNativeTarget section */
		C947106D252B8ED400033FA5 /* CalCount */ = {
			isa = PBXNativeTarget;
			buildConfigurationList = C947107D252B8ED600033FA5 /* Build configuration list for PBXNativeTarget "CalCount" */;
			buildPhases = (
				C947106A252B8ED400033FA5 /* Sources */,
				C947106B252B8ED400033FA5 /* Frameworks */,
				C947106C252B8ED400033FA5 /* Resources */,
			);
			buildRules = (
			);
			dependencies = (
			);
			name = CalCount;
			packageProductDependencies = (
				C92F5D00253F5EB000580088 /* RealmSwift */,
				C92F5D02253F5EB400580088 /* Realm */,
			);
			productName = CalCount;
			productReference = C947106E252B8ED400033FA5 /* CalCount.app */;
			productType = "com.apple.product-type.application";
		};
/* End PBXNativeTarget section */

/* Begin PBXProject section */
		C9471066252B8ED400033FA5 /* Project object */ = {
			isa = PBXProject;
			attributes = {
				LastSwiftUpdateCheck = 1200;
				LastUpgradeCheck = 1200;
				TargetAttributes = {
					C947106D252B8ED400033FA5 = {
						CreatedOnToolsVersion = 12.0;
					};
				};
			};
			buildConfigurationList = C9471069252B8ED400033FA5 /* Build configuration list for PBXProject "CalCount" */;
			compatibilityVersion = "Xcode 9.3";
			developmentRegion = en;
			hasScannedForEncodings = 0;
			knownRegions = (
				en,
				Base,
			);
			mainGroup = C9471065252B8ED400033FA5;
			packageReferences = (
				C9AEF4362536825B00DEF119 /* XCRemoteSwiftPackageReference "realm-cocoa" */,
			);
			productRefGroup = C947106F252B8ED400033FA5 /* Products */;
			projectDirPath = "";
			projectRoot = "";
			targets = (
				C947106D252B8ED400033FA5 /* CalCount */,
			);
		};
/* End PBXProject section */

/* Begin PBXResourcesBuildPhase section */
		C947106C252B8ED400033FA5 /* Resources */ = {
			isa = PBXResourcesBuildPhase;
			buildActionMask = 2147483647;
			files = (
				C9471079252B8ED600033FA5 /* Preview Assets.xcassets in Resources */,
				C9471076252B8ED600033FA5 /* Assets.xcassets in Resources */,
			);
			runOnlyForDeploymentPostprocessing = 0;
		};
/* End PBXResourcesBuildPhase section */

/* Begin PBXSourcesBuildPhase section */
		C947106A252B8ED400033FA5 /* Sources */ = {
			isa = PBXSourcesBuildPhase;
			buildActionMask = 2147483647;
			files = (
				C9511F8E253230590052C8FA /* LandingView.swift in Sources */,
				C9511F9225323E390052C8FA /* SignUpView.swift in Sources */,
				C9AEF435253680C100DEF119 /* User.swift in Sources */,
				C9471074252B8ED500033FA5 /* ContentView.swift in Sources */,
				C9511F90253234580052C8FA /* LoginView.swift in Sources */,
				C96BCE6225465369008121AE /* HomeView.swift in Sources */,
				C9471072252B8ED500033FA5 /* CalCountApp.swift in Sources */,
				C96BCE6025465274008121AE /* LoggedInStatus.swift in Sources */,
			);
			runOnlyForDeploymentPostprocessing = 0;
		};
/* End PBXSourcesBuildPhase section */

/* Begin XCBuildConfiguration section */
		C947107B252B8ED600033FA5 /* Debug */ = {
			isa = XCBuildConfiguration;
			buildSettings = {
				ALWAYS_SEARCH_USER_PATHS = NO;
				CLANG_ANALYZER_NONNULL = YES;
				CLANG_ANALYZER_NUMBER_OBJECT_CONVERSION = YES_AGGRESSIVE;
				CLANG_CXX_LANGUAGE_STANDARD = "gnu++14";
				CLANG_CXX_LIBRARY = "libc++";
				CLANG_ENABLE_MODULES = YES;
				CLANG_ENABLE_OBJC_ARC = YES;
				CLANG_ENABLE_OBJC_WEAK = YES;
				CLANG_WARN_BLOCK_CAPTURE_AUTORELEASING = YES;
				CLANG_WARN_BOOL_CONVERSION = YES;
				CLANG_WARN_COMMA = YES;
				CLANG_WARN_CONSTANT_CONVERSION = YES;
				CLANG_WARN_DEPRECATED_OBJC_IMPLEMENTATIONS = YES;
				CLANG_WARN_DIRECT_OBJC_ISA_USAGE = YES_ERROR;
				CLANG_WARN_DOCUMENTATION_COMMENTS = YES;
				CLANG_WARN_EMPTY_BODY = YES;
				CLANG_WARN_ENUM_CONVERSION = YES;
				CLANG_WARN_INFINITE_RECURSION = YES;
				CLANG_WARN_INT_CONVERSION = YES;
				CLANG_WARN_NON_LITERAL_NULL_CONVERSION = YES;
				CLANG_WARN_OBJC_IMPLICIT_RETAIN_SELF = YES;
				CLANG_WARN_OBJC_LITERAL_CONVERSION = YES;
				CLANG_WARN_OBJC_ROOT_CLASS = YES_ERROR;
				CLANG_WARN_QUOTED_INCLUDE_IN_FRAMEWORK_HEADER = YES;
				CLANG_WARN_RANGE_LOOP_ANALYSIS = YES;
				CLANG_WARN_STRICT_PROTOTYPES = YES;
				CLANG_WARN_SUSPICIOUS_MOVE = YES;
				CLANG_WARN_UNGUARDED_AVAILABILITY = YES_AGGRESSIVE;
				CLANG_WARN_UNREACHABLE_CODE = YES;
				CLANG_WARN__DUPLICATE_METHOD_MATCH = YES;
				COPY_PHASE_STRIP = NO;
				DEBUG_INFORMATION_FORMAT = dwarf;
				ENABLE_STRICT_OBJC_MSGSEND = YES;
				ENABLE_TESTABILITY = YES;
				GCC_C_LANGUAGE_STANDARD = gnu11;
				GCC_DYNAMIC_NO_PIC = NO;
				GCC_NO_COMMON_BLOCKS = YES;
				GCC_OPTIMIZATION_LEVEL = 0;
				GCC_PREPROCESSOR_DEFINITIONS = (
					"DEBUG=1",
					"$(inherited)",
				);
				GCC_WARN_64_TO_32_BIT_CONVERSION = YES;
				GCC_WARN_ABOUT_RETURN_TYPE = YES_ERROR;
				GCC_WARN_UNDECLARED_SELECTOR = YES;
				GCC_WARN_UNINITIALIZED_AUTOS = YES_AGGRESSIVE;
				GCC_WARN_UNUSED_FUNCTION = YES;
				GCC_WARN_UNUSED_VARIABLE = YES;
				IPHONEOS_DEPLOYMENT_TARGET = 14.0;
				MTL_ENABLE_DEBUG_INFO = INCLUDE_SOURCE;
				MTL_FAST_MATH = YES;
				ONLY_ACTIVE_ARCH = YES;
				SDKROOT = iphoneos;
				SWIFT_ACTIVE_COMPILATION_CONDITIONS = DEBUG;
				SWIFT_OPTIMIZATION_LEVEL = "-Onone";
			};
			name = Debug;
		};
		C947107C252B8ED600033FA5 /* Release */ = {
			isa = XCBuildConfiguration;
			buildSettings = {
				ALWAYS_SEARCH_USER_PATHS = NO;
				CLANG_ANALYZER_NONNULL = YES;
				CLANG_ANALYZER_NUMBER_OBJECT_CONVERSION = YES_AGGRESSIVE;
				CLANG_CXX_LANGUAGE_STANDARD = "gnu++14";
				CLANG_CXX_LIBRARY = "libc++";
				CLANG_ENABLE_MODULES = YES;
				CLANG_ENABLE_OBJC_ARC = YES;
				CLANG_ENABLE_OBJC_WEAK = YES;
				CLANG_WARN_BLOCK_CAPTURE_AUTORELEASING = YES;
				CLANG_WARN_BOOL_CONVERSION = YES;
				CLANG_WARN_COMMA = YES;
				CLANG_WARN_CONSTANT_CONVERSION = YES;
				CLANG_WARN_DEPRECATED_OBJC_IMPLEMENTATIONS = YES;
				CLANG_WARN_DIRECT_OBJC_ISA_USAGE = YES_ERROR;
				CLANG_WARN_DOCUMENTATION_COMMENTS = YES;
				CLANG_WARN_EMPTY_BODY = YES;
				CLANG_WARN_ENUM_CONVERSION = YES;
				CLANG_WARN_INFINITE_RECURSION = YES;
				CLANG_WARN_INT_CONVERSION = YES;
				CLANG_WARN_NON_LITERAL_NULL_CONVERSION = YES;
				CLANG_WARN_OBJC_IMPLICIT_RETAIN_SELF = YES;
				CLANG_WARN_OBJC_LITERAL_CONVERSION = YES;
				CLANG_WARN_OBJC_ROOT_CLASS = YES_ERROR;
				CLANG_WARN_QUOTED_INCLUDE_IN_FRAMEWORK_HEADER = YES;
				CLANG_WARN_RANGE_LOOP_ANALYSIS = YES;
				CLANG_WARN_STRICT_PROTOTYPES = YES;
				CLANG_WARN_SUSPICIOUS_MOVE = YES;
				CLANG_WARN_UNGUARDED_AVAILABILITY = YES_AGGRESSIVE;
				CLANG_WARN_UNREACHABLE_CODE = YES;
				CLANG_WARN__DUPLICATE_METHOD_MATCH = YES;
				COPY_PHASE_STRIP = NO;
				DEBUG_INFORMATION_FORMAT = "dwarf-with-dsym";
				ENABLE_NS_ASSERTIONS = NO;
				ENABLE_STRICT_OBJC_MSGSEND = YES;
				GCC_C_LANGUAGE_STANDARD = gnu11;
				GCC_NO_COMMON_BLOCKS = YES;
				GCC_WARN_64_TO_32_BIT_CONVERSION = YES;
				GCC_WARN_ABOUT_RETURN_TYPE = YES_ERROR;
				GCC_WARN_UNDECLARED_SELECTOR = YES;
				GCC_WARN_UNINITIALIZED_AUTOS = YES_AGGRESSIVE;
				GCC_WARN_UNUSED_FUNCTION = YES;
				GCC_WARN_UNUSED_VARIABLE = YES;
				IPHONEOS_DEPLOYMENT_TARGET = 14.0;
				MTL_ENABLE_DEBUG_INFO = NO;
				MTL_FAST_MATH = YES;
				SDKROOT = iphoneos;
				SWIFT_COMPILATION_MODE = wholemodule;
				SWIFT_OPTIMIZATION_LEVEL = "-O";
				VALIDATE_PRODUCT = YES;
			};
			name = Release;
		};
		C947107E252B8ED600033FA5 /* Debug */ = {
			isa = XCBuildConfiguration;
			buildSettings = {
				ASSETCATALOG_COMPILER_GLOBAL_ACCENT_COLOR_NAME = AccentColor;
				CODE_SIGN_STYLE = Automatic;
				DEVELOPMENT_ASSET_PATHS = "\"CalCount/Preview Content\"";
				DEVELOPMENT_TEAM = FT5TU5KEM8;
				ENABLE_PREVIEWS = YES;
				INFOPLIST_FILE = CalCount/Info.plist;
				IPHONEOS_DEPLOYMENT_TARGET = 14.0;
				LD_RUNPATH_SEARCH_PATHS = (
					"$(inherited)",
					"@executable_path/Frameworks",
				);
				PRODUCT_BUNDLE_IDENTIFIER = com.mok.brandon.CalCount;
				PRODUCT_NAME = "$(TARGET_NAME)";
				SWIFT_VERSION = 5.0;
				TARGETED_DEVICE_FAMILY = "1,2";
			};
			name = Debug;
		};
		C947107F252B8ED600033FA5 /* Release */ = {
			isa = XCBuildConfiguration;
			buildSettings = {
				ASSETCATALOG_COMPILER_GLOBAL_ACCENT_COLOR_NAME = AccentColor;
				CODE_SIGN_STYLE = Automatic;
				DEVELOPMENT_ASSET_PATHS = "\"CalCount/Preview Content\"";
				DEVELOPMENT_TEAM = FT5TU5KEM8;
				ENABLE_PREVIEWS = YES;
				INFOPLIST_FILE = CalCount/Info.plist;
				IPHONEOS_DEPLOYMENT_TARGET = 14.0;
				LD_RUNPATH_SEARCH_PATHS = (
					"$(inherited)",
					"@executable_path/Frameworks",
				);
				PRODUCT_BUNDLE_IDENTIFIER = com.mok.brandon.CalCount;
				PRODUCT_NAME = "$(TARGET_NAME)";
				SWIFT_VERSION = 5.0;
				TARGETED_DEVICE_FAMILY = "1,2";
			};
			name = Release;
		};
/* End XCBuildConfiguration section */

/* Begin XCConfigurationList section */
		C9471069252B8ED400033FA5 /* Build configuration list for PBXProject "CalCount" */ = {
			isa = XCConfigurationList;
			buildConfigurations = (
				C947107B252B8ED600033FA5 /* Debug */,
				C947107C252B8ED600033FA5 /* Release */,
			);
			defaultConfigurationIsVisible = 0;
			defaultConfigurationName = Release;
		};
		C947107D252B8ED600033FA5 /* Build configuration list for PBXNativeTarget "CalCount" */ = {
			isa = XCConfigurationList;
			buildConfigurations = (
				C947107E252B8ED600033FA5 /* Debug */,
				C947107F252B8ED600033FA5 /* Release */,
			);
			defaultConfigurationIsVisible = 0;
			defaultConfigurationName = Release;
		};
/* End XCConfigurationList section */

/* Begin XCRemoteSwiftPackageReference section */
		C9AEF4362536825B00DEF119 /* XCRemoteSwiftPackageReference "realm-cocoa" */ = {
			isa = XCRemoteSwiftPackageReference;
			repositoryURL = "https://github.com/realm/realm-cocoa.git";
			requirement = {
				kind = upToNextMajorVersion;
				minimumVersion = 5.5.0;
			};
		};
/* End XCRemoteSwiftPackageReference section */

/* Begin XCSwiftPackageProductDependency section */
		C92F5D00253F5EB000580088 /* RealmSwift */ = {
			isa = XCSwiftPackageProductDependency;
			package = C9AEF4362536825B00DEF119 /* XCRemoteSwiftPackageReference "realm-cocoa" */;
			productName = RealmSwift;
		};
		C92F5D02253F5EB400580088 /* Realm */ = {
			isa = XCSwiftPackageProductDependency;
			package = C9AEF4362536825B00DEF119 /* XCRemoteSwiftPackageReference "realm-cocoa" */;
			productName = Realm;
		};
/* End XCSwiftPackageProductDependency section */
	};
	rootObject = C9471066252B8ED400033FA5 /* Project object */;
}
